{
  "name": "jimeng-dreamina-asset-matcher",
  "version": "0.3.24",
  "lockfileVersion": 3,
  "requires": true,
  "packages": {
    "": {
      "name": "jimeng-dreamina-asset-matcher",
      "version": "0.3.24",
      "license": "MIT",
      "devDependencies": {
        "prosemirror-model": "^1.25.11",
        "prosemirror-state": "^1.4.4"
      }
    },
    "node_modules/orderedmap": {
      "version": "2.1.1",
      "resolved": "https://registry.npmjs.org/orderedmap/-/orderedmap-2.1.1.tgz",
      "integrity": "sha512-TvAWxi0nDe1j/rtMcWcIj94+Ffe6n7zhow33h40SKxmsmozs6dz/e+EajymfoFcHd7sxNn8yHM8839uixMOV6g==",
      "dev": true,
      "license": "MIT"
    },
    "node_modules/prosemirror-model": {
      "version": "1.25.11",
      "resolved": "https://registry.npmjs.org/prosemirror-model/-/prosemirror-model-1.25.11.tgz",
      "integrity": "sha512-QWg9RhnpLlogAmp3p96uEFrE5txQpFynd4vhBAELkwgOCWQs/X0yCzB3/hrHqiPwf91RG5KyWq6553zs9JqIOQ==",
      "dev": true,
      "license": "MIT",
      "dependencies": {
        "orderedmap": "^2.0.0"
      }
    },
    "node_modules/prosemirror-state": {
      "version": "1.4.4",
      "resolved": "https://registry.npmjs.org/prosemirror-state/-/prosemirror-state-1.4.4.tgz",
      "integrity": "sha512-6jiYHH2CIGbCfnxdHbXZ12gySFY/fz/ulZE333G6bPqIZ4F+TXo9ifiR86nAHpWnfoNjOb3o5ESi7J8Uz1jXHw==",
      "dev": true,
      "license": "MIT",
      "dependencies": {
        "prosemirror-model": "^1.0.0",
        "prosemirror-transform": "^1.0.0",
        "prosemirror-view": "^1.27.0"
      }
    },
    "node_modules/prosemirror-transform": {
      "version": "1.12.1",
      "resolved": "https://registry.npmjs.org/prosemirror-transform/-/prosemirror-transform-1.12.1.tgz",
      "integrity": "sha512-t4F5615FycnCqsX7ShTUs8+jfnwcf46kuFRvSl/3qFx2QTZ4DjgowesLHQXcFP7G//TjesqZG3WtgL7vdyVJyA==",
      "dev": true,
      "license": "MIT",
      "dependencies": {
        "prosemirror-model": "^1.21.0"
      }
    },
    "node_modules/prosemirror-view": {
      "version": "1.42.3",
      "resolved": "https://registry.npmjs.org/prosemirror-view/-/prosemirror-view-1.42.3.tgz",
      "integrity": "sha512-oTN7EtH+CpwxU9NrwEYWd0UZ4JUx7l048l5A2Xppm4p/60isZYLnth9QVQmC3VRIvdrIWCxwZSd+Uz791G31/w==",
      "dev": true,
      "license": "MIT",
      "dependencies": {
        "prosemirror-model": "^1.25.8",
        "prosemirror-state": "^1.0.0",
        "prosemirror-transform": "^1.1.0"
      }
    }
  }
}
